
Microsoft Visual Studio Solution File, Format Version 12.00
# Visual Studio 15
VisualStudioVersion = 15.0.28010.2050
MinimumVisualStudioVersion = 10.0.40219.1
Project("{FAE04EC0-301F-11D3-BF4B-00C04F79EFBC}") = "MVVMLigtAdvanced", "MVVMLigtAdvanced\MVVMLigtAdvanced.csproj", "{FB98D128-8865-4E9C-89BB-9F30F257207E}"
EndProject
Global
	GlobalSection(SolutionConfigurationPlatforms) = preSolution
		Debug|Any CPU = Debug|Any CPU
		Release|Any CPU = Release|Any CPU
	EndGlobalSection
	GlobalSection(ProjectConfigurationPlatforms) = postSolution
		{FB98D128-8865-4E9C-89BB-9F30F257207E}.Debug|Any CPU.ActiveCfg = Debug|Any CPU
		{FB98D128-8865-4E9C-89BB-9F30F257207E}.Debug|Any CPU.Build.0 = Debug|Any CPU
		{FB98D128-8865-4E9C-89BB-9F30F257207E}.Release|Any CPU.ActiveCfg = Release|Any CPU
		{FB98D128-8865-4E9C-89BB-9F30F257207E}.Release|Any CPU.Build.0 = Release|Any CPU
	EndGlobalSection
	GlobalSection(SolutionProperties) = preSolution
		HideSolutionNode = FALSE
	EndGlobalSection
	GlobalSection(ExtensibilityGlobals) = postSolution
		SolutionGuid = {9CA9EFE3-9C28-4FEE-9EE3-8E7714DC6519}
	EndGlobalSection
EndGlobal
